
Microsoft Visual Studio Solution File, Format Version 12.00
# Visual Studio Version 16
VisualStudioVersion = 16.0.31205.134
MinimumVisualStudioVersion = 10.0.40219.1
Project("{FAE04EC0-301F-11D3-BF4B-00C04F79EFBC}") = "V5L1", "V5L1.csproj", "{D3FFC40D-9BE0-4BB7-94EB-1BE9101BAA76}"
EndProject
Global
	GlobalSection(SolutionConfigurationPlatforms) = preSolution
		Debug|Any CPU = Debug|Any CPU
		Release|Any CPU = Release|Any CPU
	EndGlobalSection
	GlobalSection(ProjectConfigurationPlatforms) = postSolution
		{D3FFC40D-9BE0-4BB7-94EB-1BE9101BAA76}.Debug|Any CPU.ActiveCfg = Debug|Any CPU
		{D3FFC40D-9BE0-4BB7-94EB-1BE9101BAA76}.Debug|Any CPU.Build.0 = Debug|Any CPU
		{D3FFC40D-9BE0-4BB7-94EB-1BE9101BAA76}.Release|Any CPU.ActiveCfg = Release|Any CPU
		{D3FFC40D-9BE0-4BB7-94EB-1BE9101BAA76}.Release|Any CPU.Build.0 = Release|Any CPU
	EndGlobalSection
	GlobalSection(SolutionProperties) = preSolution
		HideSolutionNode = FALSE
	EndGlobalSection
	GlobalSection(ExtensibilityGlobals) = postSolution
		SolutionGuid = {61EF58D6-BE20-493B-952C-D89C2CE6AD99}
	EndGlobalSection
EndGlobal
